
Microsoft Visual Studio Solution File, Format Version 12.00
# Visual Studio 15
VisualStudioVersion = 15.0.28307.168
MinimumVisualStudioVersion = 10.0.40219.1
Project("{888888A0-9F3D-457C-B088-3A5042F75D52}") = "lab14a", "lab14a.pyproj", "{2E1DDB55-9C78-4FBB-B6B8-FF285EF0C6EC}"
EndProject
Global
	GlobalSection(SolutionConfigurationPlatforms) = preSolution
		Debug|Any CPU = Debug|Any CPU
		Release|Any CPU = Release|Any CPU
	EndGlobalSection
	GlobalSection(ProjectConfigurationPlatforms) = postSolution
		{2E1DDB55-9C78-4FBB-B6B8-FF285EF0C6EC}.Debug|Any CPU.ActiveCfg = Debug|Any CPU
		{2E1DDB55-9C78-4FBB-B6B8-FF285EF0C6EC}.Release|Any CPU.ActiveCfg = Release|Any CPU
	EndGlobalSection
	GlobalSection(SolutionProperties) = preSolution
		HideSolutionNode = FALSE
	EndGlobalSection
	GlobalSection(ExtensibilityGlobals) = postSolution
		SolutionGuid = {B218C3C8-0A4F-44FF-A601-D06FB9397434}
	EndGlobalSection
EndGlobal
